
Microsoft Visual Studio Solution File, Format Version 12.00
# Visual Studio 15
VisualStudioVersion = 15.0.28307.136
MinimumVisualStudioVersion = 10.0.40219.1
Project("{FAE04EC0-301F-11D3-BF4B-00C04F79EFBC}") = "ConsoleApp3", "ConsoleApp3\ConsoleApp3.csproj", "{C75C12C6-052D-463E-9D67-2AE40F265D98}"
EndProject
Global
	GlobalSection(SolutionConfigurationPlatforms) = preSolution
		Debug|Any CPU = Debug|Any CPU
		Release|Any CPU = Release|Any CPU
	EndGlobalSection
	GlobalSection(ProjectConfigurationPlatforms) = postSolution
		{C75C12C6-052D-463E-9D67-2AE40F265D98}.Debug|Any CPU.ActiveCfg = Debug|Any CPU
		{C75C12C6-052D-463E-9D67-2AE40F265D98}.Debug|Any CPU.Build.0 = Debug|Any CPU
		{C75C12C6-052D-463E-9D67-2AE40F265D98}.Release|Any CPU.ActiveCfg = Release|Any CPU
		{C75C12C6-052D-463E-9D67-2AE40F265D98}.Release|Any CPU.Build.0 = Release|Any CPU
	EndGlobalSection
	GlobalSection(SolutionProperties) = preSolution
		HideSolutionNode = FALSE
	EndGlobalSection
	GlobalSection(ExtensibilityGlobals) = postSolution
		SolutionGuid = {27963AC6-EB21-45BE-9CD5-14EC1F942F00}
	EndGlobalSection
EndGlobal
