
Microsoft Visual Studio Solution File, Format Version 12.00
# Visual Studio 15
VisualStudioVersion = 15.0.28307.136
MinimumVisualStudioVersion = 10.0.40219.1
Project("{FAE04EC0-301F-11D3-BF4B-00C04F79EFBC}") = "VTYS_PROJE", "VTYS_PROJE\VTYS_PROJE.csproj", "{9C2B93A9-CB22-4A62-9CFA-5C7606E1FCE7}"
EndProject
Global
	GlobalSection(SolutionConfigurationPlatforms) = preSolution
		Debug|Any CPU = Debug|Any CPU
		Release|Any CPU = Release|Any CPU
	EndGlobalSection
	GlobalSection(ProjectConfigurationPlatforms) = postSolution
		{9C2B93A9-CB22-4A62-9CFA-5C7606E1FCE7}.Debug|Any CPU.ActiveCfg = Debug|Any CPU
		{9C2B93A9-CB22-4A62-9CFA-5C7606E1FCE7}.Debug|Any CPU.Build.0 = Debug|Any CPU
		{9C2B93A9-CB22-4A62-9CFA-5C7606E1FCE7}.Release|Any CPU.ActiveCfg = Release|Any CPU
		{9C2B93A9-CB22-4A62-9CFA-5C7606E1FCE7}.Release|Any CPU.Build.0 = Release|Any CPU
	EndGlobalSection
	GlobalSection(SolutionProperties) = preSolution
		HideSolutionNode = FALSE
	EndGlobalSection
	GlobalSection(ExtensibilityGlobals) = postSolution
		SolutionGuid = {936BE949-DC0F-4598-8F57-FBE2E49F5F93}
	EndGlobalSection
EndGlobal
